
Microsoft Visual Studio Solution File, Format Version 12.00
# Visual Studio Version 16
VisualStudioVersion = 16.0.30413.136
MinimumVisualStudioVersion = 10.0.40219.1
Project("{FAE04EC0-301F-11D3-BF4B-00C04F79EFBC}") = "JHRS.Shell", "JHRS.Shell\JHRS.Shell.csproj", "{4A254BC0-7E60-4A02-9FFD-686A8785E14A}"
EndProject
Project("{2150E333-8FDC-42A3-9474-1A3956D46DE8}") = "src", "src", "{50CA247C-EEDB-411D-B593-F89C3D47E269}"
EndProject
Project("{2150E333-8FDC-42A3-9474-1A3956D46DE8}") = "modules", "modules", "{2B6403FA-4CC3-457B-8688-2976558A3DCF}"
EndProject
Project("{2150E333-8FDC-42A3-9474-1A3956D46DE8}") = "tests", "tests", "{2407B194-85E6-4194-91E1-8B57916B1149}"
EndProject
Project("{2150E333-8FDC-42A3-9474-1A3956D46DE8}") = "client", "client", "{076623B9-0618-40EE-9B0A-CEDD6CFD7911}"
EndProject
Project("{FAE04EC0-301F-11D3-BF4B-00C04F79EFBC}") = "JHRS.Core", "JHRS.Core\JHRS.Core.csproj", "{31B0AE34-9472-43E2-85FF-8AA2B827180D}"
EndProject
Project("{FAE04EC0-301F-11D3-BF4B-00C04F79EFBC}") = "JHRS", "JHRS\JHRS.csproj", "{89888C26-FB76-4696-B1C1-23D2D14564CA}"
EndProject
Project("{2150E333-8FDC-42A3-9474-1A3956D46DE8}") = "tools", "tools", "{BA74FBFD-A095-4D39-AB2C-E648E6DBF047}"
EndProject
Project("{FAE04EC0-301F-11D3-BF4B-00C04F79EFBC}") = "JHRS.GenerateAPI", "JHRS.GenerateAPI\JHRS.GenerateAPI.csproj", "{AE370078-90BB-4FFC-885A-9FA82C51D8A8}"
EndProject
Project("{FAE04EC0-301F-11D3-BF4B-00C04F79EFBC}") = "JHRS.OutpatientSystem", "JHRS.OutpatientSystem\JHRS.OutpatientSystem.csproj", "{4DA6BAD6-2261-417B-88D4-1FB54777FFDE}"
EndProject
Project("{FAE04EC0-301F-11D3-BF4B-00C04F79EFBC}") = "JHRS.RegisterManagement", "JHRS.RegisterManagement\JHRS.RegisterManagement.csproj", "{57C625AC-7231-4DE4-ADA3-25281A84393E}"
EndProject
Project("{FAE04EC0-301F-11D3-BF4B-00C04F79EFBC}") = "JHRS.SystemManage", "JHRS.SystemManage\JHRS.SystemManage.csproj", "{1534D3A0-88B7-4926-A7FC-269A515F94A1}"
EndProject
Project("{FAE04EC0-301F-11D3-BF4B-00C04F79EFBC}") = "JHRS.Tests", "JHRS.Tests\JHRS.Tests.csproj", "{735C58DF-6EB0-43A2-BB1E-15D7AC51D575}"
EndProject
Project("{FAE04EC0-301F-11D3-BF4B-00C04F79EFBC}") = "JHRS.Wpf", "JHRS.Wpf\JHRS.Wpf.csproj", "{41315BEC-42B3-4CBE-982A-180B09ECA753}"
EndProject
Global
	GlobalSection(SolutionConfigurationPlatforms) = preSolution
		Debug|Any CPU = Debug|Any CPU
		Release|Any CPU = Release|Any CPU
	EndGlobalSection
	GlobalSection(ProjectConfigurationPlatforms) = postSolution
		{4A254BC0-7E60-4A02-9FFD-686A8785E14A}.Debug|Any CPU.ActiveCfg = Debug|Any CPU
		{4A254BC0-7E60-4A02-9FFD-686A8785E14A}.Debug|Any CPU.Build.0 = Debug|Any CPU
		{4A254BC0-7E60-4A02-9FFD-686A8785E14A}.Release|Any CPU.ActiveCfg = Release|Any CPU
		{4A254BC0-7E60-4A02-9FFD-686A8785E14A}.Release|Any CPU.Build.0 = Release|Any CPU
		{31B0AE34-9472-43E2-85FF-8AA2B827180D}.Debug|Any CPU.ActiveCfg = Debug|Any CPU
		{31B0AE34-9472-43E2-85FF-8AA2B827180D}.Debug|Any CPU.Build.0 = Debug|Any CPU
		{31B0AE34-9472-43E2-85FF-8AA2B827180D}.Release|Any CPU.ActiveCfg = Release|Any CPU
		{31B0AE34-9472-43E2-85FF-8AA2B827180D}.Release|Any CPU.Build.0 = Release|Any CPU
		{89888C26-FB76-4696-B1C1-23D2D14564CA}.Debug|Any CPU.ActiveCfg = Debug|Any CPU
		{89888C26-FB76-4696-B1C1-23D2D14564CA}.Debug|Any CPU.Build.0 = Debug|Any CPU
		{89888C26-FB76-4696-B1C1-23D2D14564CA}.Release|Any CPU.ActiveCfg = Release|Any CPU
		{89888C26-FB76-4696-B1C1-23D2D14564CA}.Release|Any CPU.Build.0 = Release|Any CPU
		{AE370078-90BB-4FFC-885A-9FA82C51D8A8}.Debug|Any CPU.ActiveCfg = Debug|Any CPU
		{AE370078-90BB-4FFC-885A-9FA82C51D8A8}.Debug|Any CPU.Build.0 = Debug|Any CPU
		{AE370078-90BB-4FFC-885A-9FA82C51D8A8}.Release|Any CPU.ActiveCfg = Release|Any CPU
		{AE370078-90BB-4FFC-885A-9FA82C51D8A8}.Release|Any CPU.Build.0 = Release|Any CPU
		{4DA6BAD6-2261-417B-88D4-1FB54777FFDE}.Debug|Any CPU.ActiveCfg = Debug|Any CPU
		{4DA6BAD6-2261-417B-88D4-1FB54777FFDE}.Debug|Any CPU.Build.0 = Debug|Any CPU
		{4DA6BAD6-2261-417B-88D4-1FB54777FFDE}.Release|Any CPU.ActiveCfg = Release|Any CPU
		{4DA6BAD6-2261-417B-88D4-1FB54777FFDE}.Release|Any CPU.Build.0 = Release|Any CPU
		{57C625AC-7231-4DE4-ADA3-25281A84393E}.Debug|Any CPU.ActiveCfg = Debug|Any CPU
		{57C625AC-7231-4DE4-ADA3-25281A84393E}.Debug|Any CPU.Build.0 = Debug|Any CPU
		{57C625AC-7231-4DE4-ADA3-25281A84393E}.Release|Any CPU.ActiveCfg = Release|Any CPU
		{57C625AC-7231-4DE4-ADA3-25281A84393E}.Release|Any CPU.Build.0 = Release|Any CPU
		{1534D3A0-88B7-4926-A7FC-269A515F94A1}.Debug|Any CPU.ActiveCfg = Debug|Any CPU
		{1534D3A0-88B7-4926-A7FC-269A515F94A1}.Debug|Any CPU.Build.0 = Debug|Any CPU
		{1534D3A0-88B7-4926-A7FC-269A515F94A1}.Release|Any CPU.ActiveCfg = Release|Any CPU
		{1534D3A0-88B7-4926-A7FC-269A515F94A1}.Release|Any CPU.Build.0 = Release|Any CPU
		{735C58DF-6EB0-43A2-BB1E-15D7AC51D575}.Debug|Any CPU.ActiveCfg = Debug|Any CPU
		{735C58DF-6EB0-43A2-BB1E-15D7AC51D575}.Debug|Any CPU.Build.0 = Debug|Any CPU
		{735C58DF-6EB0-43A2-BB1E-15D7AC51D575}.Release|Any CPU.ActiveCfg = Release|Any CPU
		{735C58DF-6EB0-43A2-BB1E-15D7AC51D575}.Release|Any CPU.Build.0 = Release|Any CPU
		{41315BEC-42B3-4CBE-982A-180B09ECA753}.Debug|Any CPU.ActiveCfg = Debug|Any CPU
		{41315BEC-42B3-4CBE-982A-180B09ECA753}.Debug|Any CPU.Build.0 = Debug|Any CPU
		{41315BEC-42B3-4CBE-982A-180B09ECA753}.Release|Any CPU.ActiveCfg = Release|Any CPU
		{41315BEC-42B3-4CBE-982A-180B09ECA753}.Release|Any CPU.Build.0 = Release|Any CPU
	EndGlobalSection
	GlobalSection(SolutionProperties) = preSolution
		HideSolutionNode = FALSE
	EndGlobalSection
	GlobalSection(NestedProjects) = preSolution
		{4A254BC0-7E60-4A02-9FFD-686A8785E14A} = {076623B9-0618-40EE-9B0A-CEDD6CFD7911}
		{31B0AE34-9472-43E2-85FF-8AA2B827180D} = {076623B9-0618-40EE-9B0A-CEDD6CFD7911}
		{89888C26-FB76-4696-B1C1-23D2D14564CA} = {50CA247C-EEDB-411D-B593-F89C3D47E269}
		{AE370078-90BB-4FFC-885A-9FA82C51D8A8} = {BA74FBFD-A095-4D39-AB2C-E648E6DBF047}
		{4DA6BAD6-2261-417B-88D4-1FB54777FFDE} = {2B6403FA-4CC3-457B-8688-2976558A3DCF}
		{57C625AC-7231-4DE4-ADA3-25281A84393E} = {2B6403FA-4CC3-457B-8688-2976558A3DCF}
		{1534D3A0-88B7-4926-A7FC-269A515F94A1} = {2B6403FA-4CC3-457B-8688-2976558A3DCF}
		{735C58DF-6EB0-43A2-BB1E-15D7AC51D575} = {2407B194-85E6-4194-91E1-8B57916B1149}
		{41315BEC-42B3-4CBE-982A-180B09ECA753} = {50CA247C-EEDB-411D-B593-F89C3D47E269}
	EndGlobalSection
	GlobalSection(ExtensibilityGlobals) = postSolution
		SolutionGuid = {52EAF592-B82C-467E-8B3E-75BFAE1A33E4}
	EndGlobalSection
EndGlobal
